
Microsoft Visual Studio Solution File, Format Version 12.00
# Visual Studio 15
VisualStudioVersion = 15.0.28307.168
MinimumVisualStudioVersion = 10.0.40219.1
Project("{FAE04EC0-301F-11D3-BF4B-00C04F79EFBC}") = "CMSIntegration.Test", "CMSIntegration.Test\CMSIntegration.Test.csproj", "{D3AD6A00-8F19-45F3-B5E0-02D4870B34EC}"
EndProject
Global
	GlobalSection(SolutionConfigurationPlatforms) = preSolution
		Debug|Any CPU = Debug|Any CPU
		Release|Any CPU = Release|Any CPU
	EndGlobalSection
	GlobalSection(ProjectConfigurationPlatforms) = postSolution
		{D3AD6A00-8F19-45F3-B5E0-02D4870B34EC}.Debug|Any CPU.ActiveCfg = Debug|Any CPU
		{D3AD6A00-8F19-45F3-B5E0-02D4870B34EC}.Debug|Any CPU.Build.0 = Debug|Any CPU
		{D3AD6A00-8F19-45F3-B5E0-02D4870B34EC}.Release|Any CPU.ActiveCfg = Release|Any CPU
		{D3AD6A00-8F19-45F3-B5E0-02D4870B34EC}.Release|Any CPU.Build.0 = Release|Any CPU
	EndGlobalSection
	GlobalSection(SolutionProperties) = preSolution
		HideSolutionNode = FALSE
	EndGlobalSection
	GlobalSection(ExtensibilityGlobals) = postSolution
		SolutionGuid = {EA3B0FAD-5B91-4F82-84DF-10F21F54F60E}
	EndGlobalSection
EndGlobal
